
Microsoft Visual Studio Solution File, Format Version 12.00
# Visual Studio Version 16
VisualStudioVersion = 16.0.29920.165
MinimumVisualStudioVersion = 10.0.40219.1
Project("{FAE04EC0-301F-11D3-BF4B-00C04F79EFBC}") = "Methoden_Strings", "Methoden_Strings\Methoden_Strings.csproj", "{384C1760-B43E-4C94-9ECF-D34F80E5576A}"
EndProject
Global
	GlobalSection(SolutionConfigurationPlatforms) = preSolution
		Debug|Any CPU = Debug|Any CPU
		Release|Any CPU = Release|Any CPU
	EndGlobalSection
	GlobalSection(ProjectConfigurationPlatforms) = postSolution
		{384C1760-B43E-4C94-9ECF-D34F80E5576A}.Debug|Any CPU.ActiveCfg = Debug|Any CPU
		{384C1760-B43E-4C94-9ECF-D34F80E5576A}.Debug|Any CPU.Build.0 = Debug|Any CPU
		{384C1760-B43E-4C94-9ECF-D34F80E5576A}.Release|Any CPU.ActiveCfg = Release|Any CPU
		{384C1760-B43E-4C94-9ECF-D34F80E5576A}.Release|Any CPU.Build.0 = Release|Any CPU
	EndGlobalSection
	GlobalSection(SolutionProperties) = preSolution
		HideSolutionNode = FALSE
	EndGlobalSection
	GlobalSection(ExtensibilityGlobals) = postSolution
		SolutionGuid = {82452E5D-44AF-4F28-818A-D1147E87E75E}
	EndGlobalSection
EndGlobal
